
Microsoft Visual Studio Solution File, Format Version 12.00
Project("{FAE04EC0-301F-11D3-BF4B-00C04F79EFBC}") = "CasaDoCodigo", "CasaDoCodigo\CasaDoCodigo.csproj", "{EDAB27A7-7B4F-4719-9921-5B9D27F4D164}"
EndProject
Project("{FAE04EC0-301F-11D3-BF4B-00C04F79EFBC}") = "Tests", "Tests\Tests.csproj", "{8AEDADF1-8240-40DC-9B45-C0BBE7DAB337}"
EndProject
Global
	GlobalSection(SolutionConfigurationPlatforms) = preSolution
		Debug|Any CPU = Debug|Any CPU
		Release|Any CPU = Release|Any CPU
	EndGlobalSection
	GlobalSection(ProjectConfigurationPlatforms) = postSolution
		{EDAB27A7-7B4F-4719-9921-5B9D27F4D164}.Debug|Any CPU.ActiveCfg = Debug|Any CPU
		{EDAB27A7-7B4F-4719-9921-5B9D27F4D164}.Debug|Any CPU.Build.0 = Debug|Any CPU
		{EDAB27A7-7B4F-4719-9921-5B9D27F4D164}.Release|Any CPU.ActiveCfg = Release|Any CPU
		{EDAB27A7-7B4F-4719-9921-5B9D27F4D164}.Release|Any CPU.Build.0 = Release|Any CPU
		{8AEDADF1-8240-40DC-9B45-C0BBE7DAB337}.Debug|Any CPU.ActiveCfg = Debug|Any CPU
		{8AEDADF1-8240-40DC-9B45-C0BBE7DAB337}.Debug|Any CPU.Build.0 = Debug|Any CPU
		{8AEDADF1-8240-40DC-9B45-C0BBE7DAB337}.Release|Any CPU.ActiveCfg = Release|Any CPU
		{8AEDADF1-8240-40DC-9B45-C0BBE7DAB337}.Release|Any CPU.Build.0 = Release|Any CPU
	EndGlobalSection
EndGlobal
